// !$*UTF8*$!
{
	archiveVersion = 1;
	classes = {
	};
	objectVersion = 56;
	objects = {

/* Begin PBXBuildFile section */
		170A75202AAFAC7C0051B24F /* GoogleService-Info.plist in Resources */ = {isa = PBXBuildFile; fileRef = 170A751F2AAFAC7C0051B24F /* GoogleService-Info.plist */; };
		170A75212AAFAC7C0051B24F /* GoogleService-Info.plist in Resources */ = {isa = PBXBuildFile; fileRef = 170A751F2AAFAC7C0051B24F /* GoogleService-Info.plist */; };
		170A75222AAFAC7C0051B24F /* GoogleService-Info.plist in Resources */ = {isa = PBXBuildFile; fileRef = 170A751F2AAFAC7C0051B24F /* GoogleService-Info.plist */; };
		170A75252AAFADA00051B24F /* FirebaseAnalytics in Frameworks */ = {isa = PBXBuildFile; productRef = 170A75242AAFADA00051B24F /* FirebaseAnalytics */; };
		170A75272AAFADA00051B24F /* FirebaseAnalyticsOnDeviceConversion in Frameworks */ = {isa = PBXBuildFile; productRef = 170A75262AAFADA00051B24F /* FirebaseAnalyticsOnDeviceConversion */; };
		170A75292AAFADA00051B24F /* FirebaseAnalyticsSwift in Frameworks */ = {isa = PBXBuildFile; productRef = 170A75282AAFADA00051B24F /* FirebaseAnalyticsSwift */; };
		170A752B2AAFADA00051B24F /* FirebaseAnalyticsWithoutAdIdSupport in Frameworks */ = {isa = PBXBuildFile; productRef = 170A752A2AAFADA00051B24F /* FirebaseAnalyticsWithoutAdIdSupport */; };
		170A752D2AAFADA00051B24F /* FirebaseAppCheck in Frameworks */ = {isa = PBXBuildFile; productRef = 170A752C2AAFADA00051B24F /* FirebaseAppCheck */; };
		175443D12AAFCDDE004878C3 /* FirebaseDatabase in Frameworks */ = {isa = PBXBuildFile; productRef = 175443D02AAFCDDE004878C3 /* FirebaseDatabase */; };
		175443D32AAFCDDE004878C3 /* FirebaseDatabaseSwift in Frameworks */ = {isa = PBXBuildFile; productRef = 175443D22AAFCDDE004878C3 /* FirebaseDatabaseSwift */; };
		175443D52AAFCDDE004878C3 /* FirebaseFirestore in Frameworks */ = {isa = PBXBuildFile; productRef = 175443D42AAFCDDE004878C3 /* FirebaseFirestore */; };
		175443D72AAFCDDE004878C3 /* FirebaseFirestoreSwift in Frameworks */ = {isa = PBXBuildFile; productRef = 175443D62AAFCDDE004878C3 /* FirebaseFirestoreSwift */; };
		17C58BC42AAE23CC003D25A9 /* Weather_AppApp.swift in Sources */ = {isa = PBXBuildFile; fileRef = 17C58BC32AAE23CC003D25A9 /* Weather_AppApp.swift */; };
		17C58BC62AAE23CC003D25A9 /* ContentView.swift in Sources */ = {isa = PBXBuildFile; fileRef = 17C58BC52AAE23CC003D25A9 /* ContentView.swift */; };
		17C58BC82AAE23CE003D25A9 /* Assets.xcassets in Resources */ = {isa = PBXBuildFile; fileRef = 17C58BC72AAE23CE003D25A9 /* Assets.xcassets */; };
		17C58BCB2AAE23CE003D25A9 /* Preview Assets.xcassets in Resources */ = {isa = PBXBuildFile; fileRef = 17C58BCA2AAE23CE003D25A9 /* Preview Assets.xcassets */; };
		17C58BD52AAE23CF003D25A9 /* Weather_AppTests.swift in Sources */ = {isa = PBXBuildFile; fileRef = 17C58BD42AAE23CF003D25A9 /* Weather_AppTests.swift */; };
		17C58BDF2AAE23CF003D25A9 /* Weather_AppUITests.swift in Sources */ = {isa = PBXBuildFile; fileRef = 17C58BDE2AAE23CF003D25A9 /* Weather_AppUITests.swift */; };
		17C58BE12AAE23CF003D25A9 /* Weather_AppUITestsLaunchTests.swift in Sources */ = {isa = PBXBuildFile; fileRef = 17C58BE02AAE23CF003D25A9 /* Weather_AppUITestsLaunchTests.swift */; };
/* End PBXBuildFile section */

/* Begin PBXContainerItemProxy section */
		17C58BD12AAE23CF003D25A9 /* PBXContainerItemProxy */ = {
			isa = PBXContainerItemProxy;
			containerPortal = 17C58BB82AAE23CB003D25A9 /* Project object */;
			proxyType = 1;
			remoteGlobalIDString = 17C58BBF2AAE23CB003D25A9;
			remoteInfo = "Weather App";
		};
		17C58BDB2AAE23CF003D25A9 /* PBXContainerItemProxy */ = {
			isa = PBXContainerItemProxy;
			containerPortal = 17C58BB82AAE23CB003D25A9 /* Project object */;
			proxyType = 1;
			remoteGlobalIDString = 17C58BBF2AAE23CB003D25A9;
			remoteInfo = "Weather App";
		};
/* End PBXContainerItemProxy section */

/* Begin PBXFileReference section */
		170A751F2AAFAC7C0051B24F /* GoogleService-Info.plist */ = {isa = PBXFileReference; fileEncoding = 4; lastKnownFileType = text.plist.xml; name = "GoogleService-Info.plist"; path = "../../../Downloads/GoogleService-Info.plist"; sourceTree = "<group>"; };
		17C58BC02AAE23CC003D25A9 /* Weather App.app */ = {isa = PBXFileReference; explicitFileType = wrapper.application; includeInIndex = 0; path = "Weather App.app"; sourceTree = BUILT_PRODUCTS_DIR; };
		17C58BC32AAE23CC003D25A9 /* Weather_AppApp.swift */ = {isa = PBXFileReference; lastKnownFileType = sourcecode.swift; path = Weather_AppApp.swift; sourceTree = "<group>"; };
		17C58BC52AAE23CC003D25A9 /* ContentView.swift */ = {isa = PBXFileReference; lastKnownFileType = sourcecode.swift; path = ContentView.swift; sourceTree = "<group>"; };
		17C58BC72AAE23CE003D25A9 /* Assets.xcassets */ = {isa = PBXFileReference; lastKnownFileType = folder.assetcatalog; path = Assets.xcassets; sourceTree = "<group>"; };
		17C58BCA2AAE23CE003D25A9 /* Preview Assets.xcassets */ = {isa = PBXFileReference; lastKnownFileType = folder.assetcatalog; path = "Preview Assets.xcassets"; sourceTree = "<group>"; };
		17C58BD02AAE23CF003D25A9 /* Weather AppTests.xctest */ = {isa = PBXFileReference; explicitFileType = wrapper.cfbundle; includeInIndex = 0; path = "Weather AppTests.xctest"; sourceTree = BUILT_PRODUCTS_DIR; };
		17C58BD42AAE23CF003D25A9 /* Weather_AppTests.swift */ = {isa = PBXFileReference; lastKnownFileType = sourcecode.swift; path = Weather_AppTests.swift; sourceTree = "<group>"; };
		17C58BDA2AAE23CF003D25A9 /* Weather AppUITests.xctest */ = {isa = PBXFileReference; explicitFileType = wrapper.cfbundle; includeInIndex = 0; path = "Weather AppUITests.xctest"; sourceTree = BUILT_PRODUCTS_DIR; };
		17C58BDE2AAE23CF003D25A9 /* Weather_AppUITests.swift */ = {isa = PBXFileReference; lastKnownFileType = sourcecode.swift; path = Weather_AppUITests.swift; sourceTree = "<group>"; };
		17C58BE02AAE23CF003D25A9 /* Weather_AppUITestsLaunchTests.swift */ = {isa = PBXFileReference; lastKnownFileType = sourcecode.swift; path = Weather_AppUITestsLaunchTests.swift; sourceTree = "<group>"; };
/* End PBXFileReference section */

/* Begin PBXFrameworksBuildPhase section */
		17C58BBD2AAE23CB003D25A9 /* Frameworks */ = {
			isa = PBXFrameworksBuildPhase;
			buildActionMask = 2147483647;
			files = (
				175443D32AAFCDDE004878C3 /* FirebaseDatabaseSwift in Frameworks */,
				175443D12AAFCDDE004878C3 /* FirebaseDatabase in Frameworks */,
				170A75292AAFADA00051B24F /* FirebaseAnalyticsSwift in Frameworks */,
				170A75252AAFADA00051B24F /* FirebaseAnalytics in Frameworks */,
				170A75272AAFADA00051B24F /* FirebaseAnalyticsOnDeviceConversion in Frameworks */,
				175443D52AAFCDDE004878C3 /* FirebaseFirestore in Frameworks */,
				170A752D2AAFADA00051B24F /* FirebaseAppCheck in Frameworks */,
				170A752B2AAFADA00051B24F /* FirebaseAnalyticsWithoutAdIdSupport in Frameworks */,
				175443D72AAFCDDE004878C3 /* FirebaseFirestoreSwift in Frameworks */,
			);
			runOnlyForDeploymentPostprocessing = 0;
		};
		17C58BCD2AAE23CF003D25A9 /* Frameworks */ = {
			isa = PBXFrameworksBuildPhase;
			buildActionMask = 2147483647;
			files = (
			);
			runOnlyForDeploymentPostprocessing = 0;
		};
		17C58BD72AAE23CF003D25A9 /* Frameworks */ = {
			isa = PBXFrameworksBuildPhase;
			buildActionMask = 2147483647;
			files = (
			);
			runOnlyForDeploymentPostprocessing = 0;
		};
/* End PBXFrameworksBuildPhase section */

/* Begin PBXGroup section */
		17C58BB72AAE23CB003D25A9 = {
			isa = PBXGroup;
			children = (
				17C58BC22AAE23CC003D25A9 /* Weather App */,
				17C58BD32AAE23CF003D25A9 /* Weather AppTests */,
				17C58BDD2AAE23CF003D25A9 /* Weather AppUITests */,
				17C58BC12AAE23CC003D25A9 /* Products */,
			);
			sourceTree = "<group>";
		};
		17C58BC12AAE23CC003D25A9 /* Products */ = {
			isa = PBXGroup;
			children = (
				17C58BC02AAE23CC003D25A9 /* Weather App.app */,
				17C58BD02AAE23CF003D25A9 /* Weather AppTests.xctest */,
				17C58BDA2AAE23CF003D25A9 /* Weather AppUITests.xctest */,
			);
			name = Products;
			sourceTree = "<group>";
		};
		17C58BC22AAE23CC003D25A9 /* Weather App */ = {
			isa = PBXGroup;
			children = (
				170A751F2AAFAC7C0051B24F /* GoogleService-Info.plist */,
				17C58BC32AAE23CC003D25A9 /* Weather_AppApp.swift */,
				17C58BC52AAE23CC003D25A9 /* ContentView.swift */,
				17C58BC72AAE23CE003D25A9 /* Assets.xcassets */,
				17C58BC92AAE23CE003D25A9 /* Preview Content */,
			);
			path = "Weather App";
			sourceTree = "<group>";
		};
		17C58BC92AAE23CE003D25A9 /* Preview Content */ = {
			isa = PBXGroup;
			children = (
				17C58BCA2AAE23CE003D25A9 /* Preview Assets.xcassets */,
			);
			path = "Preview Content";
			sourceTree = "<group>";
		};
		17C58BD32AAE23CF003D25A9 /* Weather AppTests */ = {
			isa = PBXGroup;
			children = (
				17C58BD42AAE23CF003D25A9 /* Weather_AppTests.swift */,
			);
			path = "Weather AppTests";
			sourceTree = "<group>";
		};
		17C58BDD2AAE23CF003D25A9 /* Weather AppUITests */ = {
			isa = PBXGroup;
			children = (
				17C58BDE2AAE23CF003D25A9 /* Weather_AppUITests.swift */,
				17C58BE02AAE23CF003D25A9 /* Weather_AppUITestsLaunchTests.swift */,
			);
			path = "Weather AppUITests";
			sourceTree = "<group>";
		};
/* End PBXGroup section */

/* Begin PBXNativeTarget section */
		17C58BBF2AAE23CB003D25A9 /* Weather App */ = {
			isa = PBXNativeTarget;
			buildConfigurationList = 17C58BE42AAE23CF003D25A9 /* Build configuration list for PBXNativeTarget "Weather App" */;
			buildPhases = (
				17C58BBC2AAE23CB003D25A9 /* Sources */,
				17C58BBD2AAE23CB003D25A9 /* Frameworks */,
				17C58BBE2AAE23CB003D25A9 /* Resources */,
			);
			buildRules = (
			);
			dependencies = (
			);
			name = "Weather App";
			packageProductDependencies = (
				170A75242AAFADA00051B24F /* FirebaseAnalytics */,
				170A75262AAFADA00051B24F /* FirebaseAnalyticsOnDeviceConversion */,
				170A75282AAFADA00051B24F /* FirebaseAnalyticsSwift */,
				170A752A2AAFADA00051B24F /* FirebaseAnalyticsWithoutAdIdSupport */,
				170A752C2AAFADA00051B24F /* FirebaseAppCheck */,
				175443D02AAFCDDE004878C3 /* FirebaseDatabase */,
				175443D22AAFCDDE004878C3 /* FirebaseDatabaseSwift */,
				175443D42AAFCDDE004878C3 /* FirebaseFirestore */,
				175443D62AAFCDDE004878C3 /* FirebaseFirestoreSwift */,
			);
			productName = "Weather App";
			productReference = 17C58BC02AAE23CC003D25A9 /* Weather App.app */;
			productType = "com.apple.product-type.application";
		};
		17C58BCF2AAE23CF003D25A9 /* Weather AppTests */ = {
			isa = PBXNativeTarget;
			buildConfigurationList = 17C58BE72AAE23CF003D25A9 /* Build configuration list for PBXNativeTarget "Weather AppTests" */;
			buildPhases = (
				17C58BCC2AAE23CF003D25A9 /* Sources */,
				17C58BCD2AAE23CF003D25A9 /* Frameworks */,
				17C58BCE2AAE23CF003D25A9 /* Resources */,
			);
			buildRules = (
			);
			dependencies = (
				17C58BD22AAE23CF003D25A9 /* PBXTargetDependency */,
			);
			name = "Weather AppTests";
			productName = "Weather AppTests";
			productReference = 17C58BD02AAE23CF003D25A9 /* Weather AppTests.xctest */;
			productType = "com.apple.product-type.bundle.unit-test";
		};
		17C58BD92AAE23CF003D25A9 /* Weather AppUITests */ = {
			isa = PBXNativeTarget;
			buildConfigurationList = 17C58BEA2AAE23CF003D25A9 /* Build configuration list for PBXNativeTarget "Weather AppUITests" */;
			buildPhases = (
				17C58BD62AAE23CF003D25A9 /* Sources */,
				17C58BD72AAE23CF003D25A9 /* Frameworks */,
				17C58BD82AAE23CF003D25A9 /* Resources */,
			);
			buildRules = (
			);
			dependencies = (
				17C58BDC2AAE23CF003D25A9 /* PBXTargetDependency */,
			);
			name = "Weather AppUITests";
			productName = "Weather AppUITests";
			productReference = 17C58BDA2AAE23CF003D25A9 /* Weather AppUITests.xctest */;
			productType = "com.apple.product-type.bundle.ui-testing";
		};
/* End PBXNativeTarget section */

/* Begin PBXProject section */
		17C58BB82AAE23CB003D25A9 /* Project object */ = {
			isa = PBXProject;
			attributes = {
				BuildIndependentTargetsInParallel = 1;
				LastSwiftUpdateCheck = 1500;
				LastUpgradeCheck = 1500;
				TargetAttributes = {
					17C58BBF2AAE23CB003D25A9 = {
						CreatedOnToolsVersion = 15.0;
					};
					17C58BCF2AAE23CF003D25A9 = {
						CreatedOnToolsVersion = 15.0;
						TestTargetID = 17C58BBF2AAE23CB003D25A9;
					};
					17C58BD92AAE23CF003D25A9 = {
						CreatedOnToolsVersion = 15.0;
						TestTargetID = 17C58BBF2AAE23CB003D25A9;
					};
				};
			};
			buildConfigurationList = 17C58BBB2AAE23CB003D25A9 /* Build configuration list for PBXProject "Weather App" */;
			compatibilityVersion = "Xcode 14.0";
			developmentRegion = en;
			hasScannedForEncodings = 0;
			knownRegions = (
				en,
				Base,
			);
			mainGroup = 17C58BB72AAE23CB003D25A9;
			packageReferences = (
				170A75232AAFADA00051B24F /* XCRemoteSwiftPackageReference "firebase-ios-sdk" */,
			);
			productRefGroup = 17C58BC12AAE23CC003D25A9 /* Products */;
			projectDirPath = "";
			projectRoot = "";
			targets = (
				17C58BBF2AAE23CB003D25A9 /* Weather App */,
				17C58BCF2AAE23CF003D25A9 /* Weather AppTests */,
				17C58BD92AAE23CF003D25A9 /* Weather AppUITests */,
			);
		};
/* End PBXProject section */

/* Begin PBXResourcesBuildPhase section */
		17C58BBE2AAE23CB003D25A9 /* Resources */ = {
			isa = PBXResourcesBuildPhase;
			buildActionMask = 2147483647;
			files = (
				17C58BCB2AAE23CE003D25A9 /* Preview Assets.xcassets in Resources */,
				17C58BC82AAE23CE003D25A9 /* Assets.xcassets in Resources */,
				170A75202AAFAC7C0051B24F /* GoogleService-Info.plist in Resources */,
			);
			runOnlyForDeploymentPostprocessing = 0;
		};
		17C58BCE2AAE23CF003D25A9 /* Resources */ = {
			isa = PBXResourcesBuildPhase;
			buildActionMask = 2147483647;
			files = (
				170A75212AAFAC7C0051B24F /* GoogleService-Info.plist in Resources */,
			);
			runOnlyForDeploymentPostprocessing = 0;
		};
		17C58BD82AAE23CF003D25A9 /* Resources */ = {
			isa = PBXResourcesBuildPhase;
			buildActionMask = 2147483647;
			files = (
				170A75222AAFAC7C0051B24F /* GoogleService-Info.plist in Resources */,
			);
			runOnlyForDeploymentPostprocessing = 0;
		};
/* End PBXResourcesBuildPhase section */

/* Begin PBXSourcesBuildPhase section */
		17C58BBC2AAE23CB003D25A9 /* Sources */ = {
			isa = PBXSourcesBuildPhase;
			buildActionMask = 2147483647;
			files = (
				17C58BC62AAE23CC003D25A9 /* ContentView.swift in Sources */,
				17C58BC42AAE23CC003D25A9 /* Weather_AppApp.swift in Sources */,
			);
			runOnlyForDeploymentPostprocessing = 0;
		};
		17C58BCC2AAE23CF003D25A9 /* Sources */ = {
			isa = PBXSourcesBuildPhase;
			buildActionMask = 2147483647;
			files = (
				17C58BD52AAE23CF003D25A9 /* Weather_AppTests.swift in Sources */,
			);
			runOnlyForDeploymentPostprocessing = 0;
		};
		17C58BD62AAE23CF003D25A9 /* Sources */ = {
			isa = PBXSourcesBuildPhase;
			buildActionMask = 2147483647;
			files = (
				17C58BDF2AAE23CF003D25A9 /* Weather_AppUITests.swift in Sources */,
				17C58BE12AAE23CF003D25A9 /* Weather_AppUITestsLaunchTests.swift in Sources */,
			);
			runOnlyForDeploymentPostprocessing = 0;
		};
/* End PBXSourcesBuildPhase section */

/* Begin PBXTargetDependency section */
		17C58BD22AAE23CF003D25A9 /* PBXTargetDependency */ = {
			isa = PBXTargetDependency;
			target = 17C58BBF2AAE23CB003D25A9 /* Weather App */;
			targetProxy = 17C58BD12AAE23CF003D25A9 /* PBXContainerItemProxy */;
		};
		17C58BDC2AAE23CF003D25A9 /* PBXTargetDependency */ = {
			isa = PBXTargetDependency;
			target = 17C58BBF2AAE23CB003D25A9 /* Weather App */;
			targetProxy = 17C58BDB2AAE23CF003D25A9 /* PBXContainerItemProxy */;
		};
/* End PBXTargetDependency section */

/* Begin XCBuildConfiguration section */
		17C58BE22AAE23CF003D25A9 /* Debug */ = {
			isa = XCBuildConfiguration;
			buildSettings = {
				ALWAYS_SEARCH_USER_PATHS = NO;
				ASSETCATALOG_COMPILER_GENERATE_SWIFT_ASSET_SYMBOL_EXTENSIONS = YES;
				CLANG_ANALYZER_NONNULL = YES;
				CLANG_ANALYZER_NUMBER_OBJECT_CONVERSION = YES_AGGRESSIVE;
				CLANG_CXX_LANGUAGE_STANDARD = "gnu++20";
				CLANG_ENABLE_MODULES = YES;
				CLANG_ENABLE_OBJC_ARC = YES;
				CLANG_ENABLE_OBJC_WEAK = YES;
				CLANG_WARN_BLOCK_CAPTURE_AUTORELEASING = YES;
				CLANG_WARN_BOOL_CONVERSION = YES;
				CLANG_WARN_COMMA = YES;
				CLANG_WARN_CONSTANT_CONVERSION = YES;
				CLANG_WARN_DEPRECATED_OBJC_IMPLEMENTATIONS = YES;
				CLANG_WARN_DIRECT_OBJC_ISA_USAGE = YES_ERROR;
				CLANG_WARN_DOCUMENTATION_COMMENTS = YES;
				CLANG_WARN_EMPTY_BODY = YES;
				CLANG_WARN_ENUM_CONVERSION = YES;
				CLANG_WARN_INFINITE_RECURSION = YES;
				CLANG_WARN_INT_CONVERSION = YES;
				CLANG_WARN_NON_LITERAL_NULL_CONVERSION = YES;
				CLANG_WARN_OBJC_IMPLICIT_RETAIN_SELF = YES;
				CLANG_WARN_OBJC_LITERAL_CONVERSION = YES;
				CLANG_WARN_OBJC_ROOT_CLASS = YES_ERROR;
				CLANG_WARN_QUOTED_INCLUDE_IN_FRAMEWORK_HEADER = YES;
				CLANG_WARN_RANGE_LOOP_ANALYSIS = YES;
				CLANG_WARN_STRICT_PROTOTYPES = YES;
				CLANG_WARN_SUSPICIOUS_MOVE = YES;
				CLANG_WARN_UNGUARDED_AVAILABILITY = YES_AGGRESSIVE;
				CLANG_WARN_UNREACHABLE_CODE = YES;
				CLANG_WARN__DUPLICATE_METHOD_MATCH = YES;
				COPY_PHASE_STRIP = NO;
				DEBUG_INFORMATION_FORMAT = dwarf;
				ENABLE_STRICT_OBJC_MSGSEND = YES;
				ENABLE_TESTABILITY = YES;
				ENABLE_USER_SCRIPT_SANDBOXING = YES;
				GCC_C_LANGUAGE_STANDARD = gnu17;
				GCC_DYNAMIC_NO_PIC = NO;
				GCC_NO_COMMON_BLOCKS = YES;
				GCC_OPTIMIZATION_LEVEL = 0;
				GCC_PREPROCESSOR_DEFINITIONS = (
					"DEBUG=1",
					"$(inherited)",
				);
				GCC_WARN_64_TO_32_BIT_CONVERSION = YES;
				GCC_WARN_ABOUT_RETURN_TYPE = YES_ERROR;
				GCC_WARN_UNDECLARED_SELECTOR = YES;
				GCC_WARN_UNINITIALIZED_AUTOS = YES_AGGRESSIVE;
				GCC_WARN_UNUSED_FUNCTION = YES;
				GCC_WARN_UNUSED_VARIABLE = YES;
				IPHONEOS_DEPLOYMENT_TARGET = 17.0;
				LOCALIZATION_PREFERS_STRING_CATALOGS = YES;
				MTL_ENABLE_DEBUG_INFO = INCLUDE_SOURCE;
				MTL_FAST_MATH = YES;
				ONLY_ACTIVE_ARCH = YES;
				SDKROOT = iphoneos;
				SWIFT_ACTIVE_COMPILATION_CONDITIONS = "DEBUG $(inherited)";
				SWIFT_OPTIMIZATION_LEVEL = "-Onone";
			};
			name = Debug;
		};
		17C58BE32AAE23CF003D25A9 /* Release */ = {
			isa = XCBuildConfiguration;
			buildSettings = {
				ALWAYS_SEARCH_USER_PATHS = NO;
				ASSETCATALOG_COMPILER_GENERATE_SWIFT_ASSET_SYMBOL_EXTENSIONS = YES;
				CLANG_ANALYZER_NONNULL = YES;
				CLANG_ANALYZER_NUMBER_OBJECT_CONVERSION = YES_AGGRESSIVE;
				CLANG_CXX_LANGUAGE_STANDARD = "gnu++20";
				CLANG_ENABLE_MODULES = YES;
				CLANG_ENABLE_OBJC_ARC = YES;
				CLANG_ENABLE_OBJC_WEAK = YES;
				CLANG_WARN_BLOCK_CAPTURE_AUTORELEASING = YES;
				CLANG_WARN_BOOL_CONVERSION = YES;
				CLANG_WARN_COMMA = YES;
				CLANG_WARN_CONSTANT_CONVERSION = YES;
				CLANG_WARN_DEPRECATED_OBJC_IMPLEMENTATIONS = YES;
				CLANG_WARN_DIRECT_OBJC_ISA_USAGE = YES_ERROR;
				CLANG_WARN_DOCUMENTATION_COMMENTS = YES;
				CLANG_WARN_EMPTY_BODY = YES;
				CLANG_WARN_ENUM_CONVERSION = YES;
				CLANG_WARN_INFINITE_RECURSION = YES;
				CLANG_WARN_INT_CONVERSION = YES;
				CLANG_WARN_NON_LITERAL_NULL_CONVERSION = YES;
				CLANG_WARN_OBJC_IMPLICIT_RETAIN_SELF = YES;
				CLANG_WARN_OBJC_LITERAL_CONVERSION = YES;
				CLANG_WARN_OBJC_ROOT_CLASS = YES_ERROR;
				CLANG_WARN_QUOTED_INCLUDE_IN_FRAMEWORK_HEADER = YES;
				CLANG_WARN_RANGE_LOOP_ANALYSIS = YES;
				CLANG_WARN_STRICT_PROTOTYPES = YES;
				CLANG_WARN_SUSPICIOUS_MOVE = YES;
				CLANG_WARN_UNGUARDED_AVAILABILITY = YES_AGGRESSIVE;
				CLANG_WARN_UNREACHABLE_CODE = YES;
				CLANG_WARN__DUPLICATE_METHOD_MATCH = YES;
				COPY_PHASE_STRIP = NO;
				DEBUG_INFORMATION_FORMAT = "dwarf-with-dsym";
				ENABLE_NS_ASSERTIONS = NO;
				ENABLE_STRICT_OBJC_MSGSEND = YES;
				ENABLE_USER_SCRIPT_SANDBOXING = YES;
				GCC_C_LANGUAGE_STANDARD = gnu17;
				GCC_NO_COMMON_BLOCKS = YES;
				GCC_WARN_64_TO_32_BIT_CONVERSION = YES;
				GCC_WARN_ABOUT_RETURN_TYPE = YES_ERROR;
				GCC_WARN_UNDECLARED_SELECTOR = YES;
				GCC_WARN_UNINITIALIZED_AUTOS = YES_AGGRESSIVE;
				GCC_WARN_UNUSED_FUNCTION = YES;
				GCC_WARN_UNUSED_VARIABLE = YES;
				IPHONEOS_DEPLOYMENT_TARGET = 17.0;
				LOCALIZATION_PREFERS_STRING_CATALOGS = YES;
				MTL_ENABLE_DEBUG_INFO = NO;
				MTL_FAST_MATH = YES;
				SDKROOT = iphoneos;
				SWIFT_COMPILATION_MODE = wholemodule;
				VALIDATE_PRODUCT = YES;
			};
			name = Release;
		};
		17C58BE52AAE23CF003D25A9 /* Debug */ = {
			isa = XCBuildConfiguration;
			buildSettings = {
				ASSETCATALOG_COMPILER_APPICON_NAME = AppIcon;
				ASSETCATALOG_COMPILER_GLOBAL_ACCENT_COLOR_NAME = AccentColor;
				CODE_SIGN_STYLE = Automatic;
				CURRENT_PROJECT_VERSION = 1;
				DEVELOPMENT_ASSET_PATHS = "\"Weather App/Preview Content\"";
				ENABLE_PREVIEWS = YES;
				GENERATE_INFOPLIST_FILE = YES;
				INFOPLIST_KEY_UIApplicationSceneManifest_Generation = YES;
				INFOPLIST_KEY_UIApplicationSupportsIndirectInputEvents = YES;
				INFOPLIST_KEY_UILaunchScreen_Generation = YES;
				INFOPLIST_KEY_UISupportedInterfaceOrientations_iPad = "UIInterfaceOrientationPortrait UIInterfaceOrientationPortraitUpsideDown UIInterfaceOrientationLandscapeLeft UIInterfaceOrientationLandscapeRight";
				INFOPLIST_KEY_UISupportedInterfaceOrientations_iPhone = "UIInterfaceOrientationPortrait UIInterfaceOrientationLandscapeLeft UIInterfaceOrientationLandscapeRight";
				LD_RUNPATH_SEARCH_PATHS = (
					"$(inherited)",
					"@executable_path/Frameworks",
				);
				MARKETING_VERSION = 1.0;
				PRODUCT_BUNDLE_IDENTIFIER = "Gatech-Mobile-App.Weather-App";
				PRODUCT_NAME = "$(TARGET_NAME)";
				SWIFT_EMIT_LOC_STRINGS = YES;
				SWIFT_VERSION = 5.0;
				TARGETED_DEVICE_FAMILY = "1,2";
			};
			name = Debug;
		};
		17C58BE62AAE23CF003D25A9 /* Release */ = {
			isa = XCBuildConfiguration;
			buildSettings = {
				ASSETCATALOG_COMPILER_APPICON_NAME = AppIcon;
				ASSETCATALOG_COMPILER_GLOBAL_ACCENT_COLOR_NAME = AccentColor;
				CODE_SIGN_STYLE = Automatic;
				CURRENT_PROJECT_VERSION = 1;
				DEVELOPMENT_ASSET_PATHS = "\"Weather App/Preview Content\"";
				ENABLE_PREVIEWS = YES;
				GENERATE_INFOPLIST_FILE = YES;
				INFOPLIST_KEY_UIApplicationSceneManifest_Generation = YES;
				INFOPLIST_KEY_UIApplicationSupportsIndirectInputEvents = YES;
				INFOPLIST_KEY_UILaunchScreen_Generation = YES;
				INFOPLIST_KEY_UISupportedInterfaceOrientations_iPad = "UIInterfaceOrientationPortrait UIInterfaceOrientationPortraitUpsideDown UIInterfaceOrientationLandscapeLeft UIInterfaceOrientationLandscapeRight";
				INFOPLIST_KEY_UISupportedInterfaceOrientations_iPhone = "UIInterfaceOrientationPortrait UIInterfaceOrientationLandscapeLeft UIInterfaceOrientationLandscapeRight";
				LD_RUNPATH_SEARCH_PATHS = (
					"$(inherited)",
					"@executable_path/Frameworks",
				);
				MARKETING_VERSION = 1.0;
				PRODUCT_BUNDLE_IDENTIFIER = "Gatech-Mobile-App.Weather-App";
				PRODUCT_NAME = "$(TARGET_NAME)";
				SWIFT_EMIT_LOC_STRINGS = YES;
				SWIFT_VERSION = 5.0;
				TARGETED_DEVICE_FAMILY = "1,2";
			};
			name = Release;
		};
		17C58BE82AAE23CF003D25A9 /* Debug */ = {
			isa = XCBuildConfiguration;
			buildSettings = {
				ALWAYS_EMBED_SWIFT_STANDARD_LIBRARIES = YES;
				BUNDLE_LOADER = "$(TEST_HOST)";
				CODE_SIGN_STYLE = Automatic;
				CURRENT_PROJECT_VERSION = 1;
				GENERATE_INFOPLIST_FILE = YES;
				IPHONEOS_DEPLOYMENT_TARGET = 17.0;
				MARKETING_VERSION = 1.0;
				PRODUCT_BUNDLE_IDENTIFIER = "Gatech-Mobile-App.Weather-AppTests";
				PRODUCT_NAME = "$(TARGET_NAME)";
				SWIFT_EMIT_LOC_STRINGS = NO;
				SWIFT_VERSION = 5.0;
				TARGETED_DEVICE_FAMILY = "1,2";
				TEST_HOST = "$(BUILT_PRODUCTS_DIR)/Weather App.app/$(BUNDLE_EXECUTABLE_FOLDER_PATH)/Weather App";
			};
			name = Debug;
		};
		17C58BE92AAE23CF003D25A9 /* Release */ = {
			isa = XCBuildConfiguration;
			buildSettings = {
				ALWAYS_EMBED_SWIFT_STANDARD_LIBRARIES = YES;
				BUNDLE_LOADER = "$(TEST_HOST)";
				CODE_SIGN_STYLE = Automatic;
				CURRENT_PROJECT_VERSION = 1;
				GENERATE_INFOPLIST_FILE = YES;
				IPHONEOS_DEPLOYMENT_TARGET = 17.0;
				MARKETING_VERSION = 1.0;
				PRODUCT_BUNDLE_IDENTIFIER = "Gatech-Mobile-App.Weather-AppTests";
				PRODUCT_NAME = "$(TARGET_NAME)";
				SWIFT_EMIT_LOC_STRINGS = NO;
				SWIFT_VERSION = 5.0;
				TARGETED_DEVICE_FAMILY = "1,2";
				TEST_HOST = "$(BUILT_PRODUCTS_DIR)/Weather App.app/$(BUNDLE_EXECUTABLE_FOLDER_PATH)/Weather App";
			};
			name = Release;
		};
		17C58BEB2AAE23CF003D25A9 /* Debug */ = {
			isa = XCBuildConfiguration;
			buildSettings = {
				ALWAYS_EMBED_SWIFT_STANDARD_LIBRARIES = YES;
				CODE_SIGN_STYLE = Automatic;
				CURRENT_PROJECT_VERSION = 1;
				GENERATE_INFOPLIST_FILE = YES;
				MARKETING_VERSION = 1.0;
				PRODUCT_BUNDLE_IDENTIFIER = "Gatech-Mobile-App.Weather-AppUITests";
				PRODUCT_NAME = "$(TARGET_NAME)";
				SWIFT_EMIT_LOC_STRINGS = NO;
				SWIFT_VERSION = 5.0;
				TARGETED_DEVICE_FAMILY = "1,2";
				TEST_TARGET_NAME = "Weather App";
			};
			name = Debug;
		};
		17C58BEC2AAE23CF003D25A9 /* Release */ = {
			isa = XCBuildConfiguration;
			buildSettings = {
				ALWAYS_EMBED_SWIFT_STANDARD_LIBRARIES = YES;
				CODE_SIGN_STYLE = Automatic;
				CURRENT_PROJECT_VERSION = 1;
				GENERATE_INFOPLIST_FILE = YES;
				MARKETING_VERSION = 1.0;
				PRODUCT_BUNDLE_IDENTIFIER = "Gatech-Mobile-App.Weather-AppUITests";
				PRODUCT_NAME = "$(TARGET_NAME)";
				SWIFT_EMIT_LOC_STRINGS = NO;
				SWIFT_VERSION = 5.0;
				TARGETED_DEVICE_FAMILY = "1,2";
				TEST_TARGET_NAME = "Weather App";
			};
			name = Release;
		};
/* End XCBuildConfiguration section */

/* Begin XCConfigurationList section */
		17C58BBB2AAE23CB003D25A9 /* Build configuration list for PBXProject "Weather App" */ = {
			isa = XCConfigurationList;
			buildConfigurations = (
				17C58BE22AAE23CF003D25A9 /* Debug */,
				17C58BE32AAE23CF003D25A9 /* Release */,
			);
			defaultConfigurationIsVisible = 0;
			defaultConfigurationName = Release;
		};
		17C58BE42AAE23CF003D25A9 /* Build configuration list for PBXNativeTarget "Weather App" */ = {
			isa = XCConfigurationList;
			buildConfigurations = (
				17C58BE52AAE23CF003D25A9 /* Debug */,
				17C58BE62AAE23CF003D25A9 /* Release */,
			);
			defaultConfigurationIsVisible = 0;
			defaultConfigurationName = Release;
		};
		17C58BE72AAE23CF003D25A9 /* Build configuration list for PBXNativeTarget "Weather AppTests" */ = {
			isa = XCConfigurationList;
			buildConfigurations = (
				17C58BE82AAE23CF003D25A9 /* Debug */,
				17C58BE92AAE23CF003D25A9 /* Release */,
			);
			defaultConfigurationIsVisible = 0;
			defaultConfigurationName = Release;
		};
		17C58BEA2AAE23CF003D25A9 /* Build configuration list for PBXNativeTarget "Weather AppUITests" */ = {
			isa = XCConfigurationList;
			buildConfigurations = (
				17C58BEB2AAE23CF003D25A9 /* Debug */,
				17C58BEC2AAE23CF003D25A9 /* Release */,
			);
			defaultConfigurationIsVisible = 0;
			defaultConfigurationName = Release;
		};
/* End XCConfigurationList section */

/* Begin XCRemoteSwiftPackageReference section */
		170A75232AAFADA00051B24F /* XCRemoteSwiftPackageReference "firebase-ios-sdk" */ = {
			isa = XCRemoteSwiftPackageReference;
			repositoryURL = "https://github.com/firebase/firebase-ios-sdk";
			requirement = {
				kind = upToNextMajorVersion;
				minimumVersion = 10.14.0;
			};
		};
/* End XCRemoteSwiftPackageReference section */

/* Begin XCSwiftPackageProductDependency section */
		170A75242AAFADA00051B24F /* FirebaseAnalytics */ = {
			isa = XCSwiftPackageProductDependency;
			package = 170A75232AAFADA00051B24F /* XCRemoteSwiftPackageReference "firebase-ios-sdk" */;
			productName = FirebaseAnalytics;
		};
		170A75262AAFADA00051B24F /* FirebaseAnalyticsOnDeviceConversion */ = {
			isa = XCSwiftPackageProductDependency;
			package = 170A75232AAFADA00051B24F /* XCRemoteSwiftPackageReference "firebase-ios-sdk" */;
			productName = FirebaseAnalyticsOnDeviceConversion;
		};
		170A75282AAFADA00051B24F /* FirebaseAnalyticsSwift */ = {
			isa = XCSwiftPackageProductDependency;
			package = 170A75232AAFADA00051B24F /* XCRemoteSwiftPackageReference "firebase-ios-sdk" */;
			productName = FirebaseAnalyticsSwift;
		};
		170A752A2AAFADA00051B24F /* FirebaseAnalyticsWithoutAdIdSupport */ = {
			isa = XCSwiftPackageProductDependency;
			package = 170A75232AAFADA00051B24F /* XCRemoteSwiftPackageReference "firebase-ios-sdk" */;
			productName = FirebaseAnalyticsWithoutAdIdSupport;
		};
		170A752C2AAFADA00051B24F /* FirebaseAppCheck */ = {
			isa = XCSwiftPackageProductDependency;
			package = 170A75232AAFADA00051B24F /* XCRemoteSwiftPackageReference "firebase-ios-sdk" */;
			productName = FirebaseAppCheck;
		};
		175443D02AAFCDDE004878C3 /* FirebaseDatabase */ = {
			isa = XCSwiftPackageProductDependency;
			package = 170A75232AAFADA00051B24F /* XCRemoteSwiftPackageReference "firebase-ios-sdk" */;
			productName = FirebaseDatabase;
		};
		175443D22AAFCDDE004878C3 /* FirebaseDatabaseSwift */ = {
			isa = XCSwiftPackageProductDependency;
			package = 170A75232AAFADA00051B24F /* XCRemoteSwiftPackageReference "firebase-ios-sdk" */;
			productName = FirebaseDatabaseSwift;
		};
		175443D42AAFCDDE004878C3 /* FirebaseFirestore */ = {
			isa = XCSwiftPackageProductDependency;
			package = 170A75232AAFADA00051B24F /* XCRemoteSwiftPackageReference "firebase-ios-sdk" */;
			productName = FirebaseFirestore;
		};
		175443D62AAFCDDE004878C3 /* FirebaseFirestoreSwift */ = {
			isa = XCSwiftPackageProductDependency;
			package = 170A75232AAFADA00051B24F /* XCRemoteSwiftPackageReference "firebase-ios-sdk" */;
			productName = FirebaseFirestoreSwift;
		};
/* End XCSwiftPackageProductDependency section */
	};
	rootObject = 17C58BB82AAE23CB003D25A9 /* Project object */;
}
